
Microsoft Visual Studio Solution File, Format Version 12.00
# Visual Studio Version 17
VisualStudioVersion = 17.2.32516.85
MinimumVisualStudioVersion = 10.0.40219.1
Project("{FAE04EC0-301F-11D3-BF4B-00C04F79EFBC}") = "StudentSystem_Project", "StudentSystem_Project.csproj", "{0BAB93ED-0454-47FD-A97C-F876AC20BACD}"
EndProject
Project("{FAE04EC0-301F-11D3-BF4B-00C04F79EFBC}") = "StudentSystem_Repository", "..\StudentSystem_Repository\StudentSystem_Repository.csproj", "{6F0147AD-DACD-406A-9A9F-39133DF80B40}"
EndProject
Project("{FAE04EC0-301F-11D3-BF4B-00C04F79EFBC}") = "StudentSystem_BusinessLogic", "..\StudentSystem_BusinessLogic\StudentSystem_BusinessLogic.csproj", "{A9D5E321-D1AD-4782-BB44-D6CFFAAA57AD}"
EndProject
Global
	GlobalSection(SolutionConfigurationPlatforms) = preSolution
		Debug|Any CPU = Debug|Any CPU
		Release|Any CPU = Release|Any CPU
	EndGlobalSection
	GlobalSection(ProjectConfigurationPlatforms) = postSolution
		{0BAB93ED-0454-47FD-A97C-F876AC20BACD}.Debug|Any CPU.ActiveCfg = Debug|Any CPU
		{0BAB93ED-0454-47FD-A97C-F876AC20BACD}.Debug|Any CPU.Build.0 = Debug|Any CPU
		{0BAB93ED-0454-47FD-A97C-F876AC20BACD}.Release|Any CPU.ActiveCfg = Release|Any CPU
		{0BAB93ED-0454-47FD-A97C-F876AC20BACD}.Release|Any CPU.Build.0 = Release|Any CPU
		{6F0147AD-DACD-406A-9A9F-39133DF80B40}.Debug|Any CPU.ActiveCfg = Debug|Any CPU
		{6F0147AD-DACD-406A-9A9F-39133DF80B40}.Debug|Any CPU.Build.0 = Debug|Any CPU
		{6F0147AD-DACD-406A-9A9F-39133DF80B40}.Release|Any CPU.ActiveCfg = Release|Any CPU
		{6F0147AD-DACD-406A-9A9F-39133DF80B40}.Release|Any CPU.Build.0 = Release|Any CPU
		{A9D5E321-D1AD-4782-BB44-D6CFFAAA57AD}.Debug|Any CPU.ActiveCfg = Debug|Any CPU
		{A9D5E321-D1AD-4782-BB44-D6CFFAAA57AD}.Debug|Any CPU.Build.0 = Debug|Any CPU
		{A9D5E321-D1AD-4782-BB44-D6CFFAAA57AD}.Release|Any CPU.ActiveCfg = Release|Any CPU
		{A9D5E321-D1AD-4782-BB44-D6CFFAAA57AD}.Release|Any CPU.Build.0 = Release|Any CPU
	EndGlobalSection
	GlobalSection(SolutionProperties) = preSolution
		HideSolutionNode = FALSE
	EndGlobalSection
	GlobalSection(ExtensibilityGlobals) = postSolution
		SolutionGuid = {31FB16B5-BDD5-443A-A22B-252B847D4649}
	EndGlobalSection
EndGlobal
